
Microsoft Visual Studio Solution File, Format Version 12.00
# Visual Studio Version 17
VisualStudioVersion = 17.2.32602.215
MinimumVisualStudioVersion = 10.0.40219.1
Project("{FAE04EC0-301F-11D3-BF4B-00C04F79EFBC}") = "ClientGUI_v3", "ClientGUI_v3\ClientGUI_v3.csproj", "{CE5D1D66-0098-4930-86B0-1928120E4839}"
EndProject
Global
	GlobalSection(SolutionConfigurationPlatforms) = preSolution
		Debug|Any CPU = Debug|Any CPU
		Release|Any CPU = Release|Any CPU
	EndGlobalSection
	GlobalSection(ProjectConfigurationPlatforms) = postSolution
		{CE5D1D66-0098-4930-86B0-1928120E4839}.Debug|Any CPU.ActiveCfg = Debug|Any CPU
		{CE5D1D66-0098-4930-86B0-1928120E4839}.Debug|Any CPU.Build.0 = Debug|Any CPU
		{CE5D1D66-0098-4930-86B0-1928120E4839}.Release|Any CPU.ActiveCfg = Release|Any CPU
		{CE5D1D66-0098-4930-86B0-1928120E4839}.Release|Any CPU.Build.0 = Release|Any CPU
	EndGlobalSection
	GlobalSection(SolutionProperties) = preSolution
		HideSolutionNode = FALSE
	EndGlobalSection
	GlobalSection(ExtensibilityGlobals) = postSolution
		SolutionGuid = {D2FD6E21-EB8B-4F7B-A54A-C8A70E3C7640}
	EndGlobalSection
EndGlobal
